
Microsoft Visual Studio Solution File, Format Version 12.00
# Visual Studio Version 17
VisualStudioVersion = 17.1.32319.34
MinimumVisualStudioVersion = 10.0.40219.1
Project("{FAE04EC0-301F-11D3-BF4B-00C04F79EFBC}") = "Dungeon", "Dungeon\Dungeon.csproj", "{CC42A375-317C-4F10-9083-70E88A1B8A4E}"
EndProject
Global
	GlobalSection(SolutionConfigurationPlatforms) = preSolution
		Debug|Any CPU = Debug|Any CPU
		Release|Any CPU = Release|Any CPU
	EndGlobalSection
	GlobalSection(ProjectConfigurationPlatforms) = postSolution
		{CC42A375-317C-4F10-9083-70E88A1B8A4E}.Debug|Any CPU.ActiveCfg = Debug|Any CPU
		{CC42A375-317C-4F10-9083-70E88A1B8A4E}.Debug|Any CPU.Build.0 = Debug|Any CPU
		{CC42A375-317C-4F10-9083-70E88A1B8A4E}.Release|Any CPU.ActiveCfg = Release|Any CPU
		{CC42A375-317C-4F10-9083-70E88A1B8A4E}.Release|Any CPU.Build.0 = Release|Any CPU
	EndGlobalSection
	GlobalSection(SolutionProperties) = preSolution
		HideSolutionNode = FALSE
	EndGlobalSection
	GlobalSection(ExtensibilityGlobals) = postSolution
		SolutionGuid = {FDF8747D-A5B6-49E7-B7BB-BADE4E16F1C0}
	EndGlobalSection
EndGlobal
